
Microsoft Visual Studio Solution File, Format Version 12.00
# Visual Studio Version 17
VisualStudioVersion = 17.6.33723.286
MinimumVisualStudioVersion = 10.0.40219.1
Project("{FAE04EC0-301F-11D3-BF4B-00C04F79EFBC}") = "TP1 Lab4", "TP1 Lab4\TP1 Lab4.csproj", "{EEB53AD7-0953-4331-BC20-565A79D3C012}"
EndProject
Global
	GlobalSection(SolutionConfigurationPlatforms) = preSolution
		Debug|Any CPU = Debug|Any CPU
		Release|Any CPU = Release|Any CPU
	EndGlobalSection
	GlobalSection(ProjectConfigurationPlatforms) = postSolution
		{EEB53AD7-0953-4331-BC20-565A79D3C012}.Debug|Any CPU.ActiveCfg = Debug|Any CPU
		{EEB53AD7-0953-4331-BC20-565A79D3C012}.Debug|Any CPU.Build.0 = Debug|Any CPU
		{EEB53AD7-0953-4331-BC20-565A79D3C012}.Release|Any CPU.ActiveCfg = Release|Any CPU
		{EEB53AD7-0953-4331-BC20-565A79D3C012}.Release|Any CPU.Build.0 = Release|Any CPU
	EndGlobalSection
	GlobalSection(SolutionProperties) = preSolution
		HideSolutionNode = FALSE
	EndGlobalSection
	GlobalSection(ExtensibilityGlobals) = postSolution
		SolutionGuid = {5B6952FE-53B3-4F50-92EB-EE68CA3AF14C}
	EndGlobalSection
EndGlobal
